
Microsoft Visual Studio Solution File, Format Version 12.00
# Visual Studio Version 16
VisualStudioVersion = 16.0.31605.320
MinimumVisualStudioVersion = 10.0.40219.1
Project("{FAE04EC0-301F-11D3-BF4B-00C04F79EFBC}") = "TravelControll", "TravelControll\TravelControll.csproj", "{5B2B9468-FDB1-4730-95B3-54FA3F84CC45}"
EndProject
Global
	GlobalSection(SolutionConfigurationPlatforms) = preSolution
		Debug|Any CPU = Debug|Any CPU
		Release|Any CPU = Release|Any CPU
	EndGlobalSection
	GlobalSection(ProjectConfigurationPlatforms) = postSolution
		{5B2B9468-FDB1-4730-95B3-54FA3F84CC45}.Debug|Any CPU.ActiveCfg = Debug|Any CPU
		{5B2B9468-FDB1-4730-95B3-54FA3F84CC45}.Debug|Any CPU.Build.0 = Debug|Any CPU
		{5B2B9468-FDB1-4730-95B3-54FA3F84CC45}.Release|Any CPU.ActiveCfg = Release|Any CPU
		{5B2B9468-FDB1-4730-95B3-54FA3F84CC45}.Release|Any CPU.Build.0 = Release|Any CPU
	EndGlobalSection
	GlobalSection(SolutionProperties) = preSolution
		HideSolutionNode = FALSE
	EndGlobalSection
	GlobalSection(ExtensibilityGlobals) = postSolution
		SolutionGuid = {C04A9030-67A3-492C-AEF2-ABF38FE10453}
	EndGlobalSection
EndGlobal
